
Microsoft Visual Studio Solution File, Format Version 12.00
# Visual Studio Version 16
VisualStudioVersion = 16.0.29009.5
MinimumVisualStudioVersion = 10.0.40219.1
Project("{FAE04EC0-301F-11D3-BF4B-00C04F79EFBC}") = "DDCM.UWP", "DDCM\DDCM.UWP\DDCM.UWP.csproj", "{DD70F2EA-CD6C-47E3-94BD-10BEC19E7416}"
EndProject
Project("{FAE04EC0-301F-11D3-BF4B-00C04F79EFBC}") = "DDCM.Android", "DDCM\DDCM.Android\DDCM.Android.csproj", "{5FDB5B99-B0E8-4961-B092-870153C4E298}"
EndProject
Project("{FAE04EC0-301F-11D3-BF4B-00C04F79EFBC}") = "DDCM.iOS", "DDCM\DDCM.iOS\DDCM.iOS.csproj", "{F6ADBD42-C70E-4CFC-819A-6E4758561357}"
EndProject
Project("{FAE04EC0-301F-11D3-BF4B-00C04F79EFBC}") = "DDCM", "DDCM\DDCM\DDCM.csproj", "{A05453FD-E4DE-49D7-A641-ED3147A80EB9}"
EndProject
Global
	GlobalSection(SolutionConfigurationPlatforms) = preSolution
		Debug|Any CPU = Debug|Any CPU
		Debug|ARM = Debug|ARM
		Debug|iPhone = Debug|iPhone
		Debug|iPhoneSimulator = Debug|iPhoneSimulator
		Debug|x64 = Debug|x64
		Debug|x86 = Debug|x86
		Release|Any CPU = Release|Any CPU
		Release|ARM = Release|ARM
		Release|iPhone = Release|iPhone
		Release|iPhoneSimulator = Release|iPhoneSimulator
		Release|x64 = Release|x64
		Release|x86 = Release|x86
	EndGlobalSection
	GlobalSection(ProjectConfigurationPlatforms) = postSolution
		{DD70F2EA-CD6C-47E3-94BD-10BEC19E7416}.Debug|Any CPU.ActiveCfg = Debug|x86
		{DD70F2EA-CD6C-47E3-94BD-10BEC19E7416}.Debug|Any CPU.Build.0 = Debug|x86
		{DD70F2EA-CD6C-47E3-94BD-10BEC19E7416}.Debug|Any CPU.Deploy.0 = Debug|x86
		{DD70F2EA-CD6C-47E3-94BD-10BEC19E7416}.Debug|ARM.ActiveCfg = Debug|ARM
		{DD70F2EA-CD6C-47E3-94BD-10BEC19E7416}.Debug|ARM.Build.0 = Debug|ARM
		{DD70F2EA-CD6C-47E3-94BD-10BEC19E7416}.Debug|ARM.Deploy.0 = Debug|ARM
		{DD70F2EA-CD6C-47E3-94BD-10BEC19E7416}.Debug|iPhone.ActiveCfg = Debug|x86
		{DD70F2EA-CD6C-47E3-94BD-10BEC19E7416}.Debug|iPhone.Build.0 = Debug|x86
		{DD70F2EA-CD6C-47E3-94BD-10BEC19E7416}.Debug|iPhone.Deploy.0 = Debug|x86
		{DD70F2EA-CD6C-47E3-94BD-10BEC19E7416}.Debug|iPhoneSimulator.ActiveCfg = Debug|x86
		{DD70F2EA-CD6C-47E3-94BD-10BEC19E7416}.Debug|iPhoneSimulator.Build.0 = Debug|x86
		{DD70F2EA-CD6C-47E3-94BD-10BEC19E7416}.Debug|iPhoneSimulator.Deploy.0 = Debug|x86
		{DD70F2EA-CD6C-47E3-94BD-10BEC19E7416}.Debug|x64.ActiveCfg = Debug|x64
		{DD70F2EA-CD6C-47E3-94BD-10BEC19E7416}.Debug|x64.Build.0 = Debug|x64
		{DD70F2EA-CD6C-47E3-94BD-10BEC19E7416}.Debug|x64.Deploy.0 = Debug|x64
		{DD70F2EA-CD6C-47E3-94BD-10BEC19E7416}.Debug|x86.ActiveCfg = Debug|x86
		{DD70F2EA-CD6C-47E3-94BD-10BEC19E7416}.Debug|x86.Build.0 = Debug|x86
		{DD70F2EA-CD6C-47E3-94BD-10BEC19E7416}.Debug|x86.Deploy.0 = Debug|x86
		{DD70F2EA-CD6C-47E3-94BD-10BEC19E7416}.Release|Any CPU.ActiveCfg = Release|x86
		{DD70F2EA-CD6C-47E3-94BD-10BEC19E7416}.Release|Any CPU.Build.0 = Release|x86
		{DD70F2EA-CD6C-47E3-94BD-10BEC19E7416}.Release|Any CPU.Deploy.0 = Release|x86
		{DD70F2EA-CD6C-47E3-94BD-10BEC19E7416}.Release|ARM.ActiveCfg = Release|ARM
		{DD70F2EA-CD6C-47E3-94BD-10BEC19E7416}.Release|ARM.Build.0 = Release|ARM
		{DD70F2EA-CD6C-47E3-94BD-10BEC19E7416}.Release|ARM.Deploy.0 = Release|ARM
		{DD70F2EA-CD6C-47E3-94BD-10BEC19E7416}.Release|iPhone.ActiveCfg = Release|x86
		{DD70F2EA-CD6C-47E3-94BD-10BEC19E7416}.Release|iPhone.Build.0 = Release|x86
		{DD70F2EA-CD6C-47E3-94BD-10BEC19E7416}.Release|iPhone.Deploy.0 = Release|x86
		{DD70F2EA-CD6C-47E3-94BD-10BEC19E7416}.Release|iPhoneSimulator.ActiveCfg = Release|x86
		{DD70F2EA-CD6C-47E3-94BD-10BEC19E7416}.Release|iPhoneSimulator.Build.0 = Release|x86
		{DD70F2EA-CD6C-47E3-94BD-10BEC19E7416}.Release|iPhoneSimulator.Deploy.0 = Release|x86
		{DD70F2EA-CD6C-47E3-94BD-10BEC19E7416}.Release|x64.ActiveCfg = Release|x64
		{DD70F2EA-CD6C-47E3-94BD-10BEC19E7416}.Release|x64.Build.0 = Release|x64
		{DD70F2EA-CD6C-47E3-94BD-10BEC19E7416}.Release|x64.Deploy.0 = Release|x64
		{DD70F2EA-CD6C-47E3-94BD-10BEC19E7416}.Release|x86.ActiveCfg = Release|x86
		{DD70F2EA-CD6C-47E3-94BD-10BEC19E7416}.Release|x86.Build.0 = Release|x86
		{DD70F2EA-CD6C-47E3-94BD-10BEC19E7416}.Release|x86.Deploy.0 = Release|x86
		{5FDB5B99-B0E8-4961-B092-870153C4E298}.Debug|Any CPU.ActiveCfg = Debug|Any CPU
		{5FDB5B99-B0E8-4961-B092-870153C4E298}.Debug|Any CPU.Build.0 = Debug|Any CPU
		{5FDB5B99-B0E8-4961-B092-870153C4E298}.Debug|Any CPU.Deploy.0 = Debug|Any CPU
		{5FDB5B99-B0E8-4961-B092-870153C4E298}.Debug|ARM.ActiveCfg = Debug|Any CPU
		{5FDB5B99-B0E8-4961-B092-870153C4E298}.Debug|ARM.Build.0 = Debug|Any CPU
		{5FDB5B99-B0E8-4961-B092-870153C4E298}.Debug|ARM.Deploy.0 = Debug|Any CPU
		{5FDB5B99-B0E8-4961-B092-870153C4E298}.Debug|iPhone.ActiveCfg = Debug|Any CPU
		{5FDB5B99-B0E8-4961-B092-870153C4E298}.Debug|iPhone.Build.0 = Debug|Any CPU
		{5FDB5B99-B0E8-4961-B092-870153C4E298}.Debug|iPhone.Deploy.0 = Debug|Any CPU
		{5FDB5B99-B0E8-4961-B092-870153C4E298}.Debug|iPhoneSimulator.ActiveCfg = Debug|Any CPU
		{5FDB5B99-B0E8-4961-B092-870153C4E298}.Debug|iPhoneSimulator.Build.0 = Debug|Any CPU
		{5FDB5B99-B0E8-4961-B092-870153C4E298}.Debug|iPhoneSimulator.Deploy.0 = Debug|Any CPU
		{5FDB5B99-B0E8-4961-B092-870153C4E298}.Debug|x64.ActiveCfg = Debug|Any CPU
		{5FDB5B99-B0E8-4961-B092-870153C4E298}.Debug|x64.Build.0 = Debug|Any CPU
		{5FDB5B99-B0E8-4961-B092-870153C4E298}.Debug|x64.Deploy.0 = Debug|Any CPU
		{5FDB5B99-B0E8-4961-B092-870153C4E298}.Debug|x86.ActiveCfg = Debug|Any CPU
		{5FDB5B99-B0E8-4961-B092-870153C4E298}.Debug|x86.Build.0 = Debug|Any CPU
		{5FDB5B99-B0E8-4961-B092-870153C4E298}.Debug|x86.Deploy.0 = Debug|Any CPU
		{5FDB5B99-B0E8-4961-B092-870153C4E298}.Release|Any CPU.ActiveCfg = Release|Any CPU
		{5FDB5B99-B0E8-4961-B092-870153C4E298}.Release|Any CPU.Build.0 = Release|Any CPU
		{5FDB5B99-B0E8-4961-B092-870153C4E298}.Release|Any CPU.Deploy.0 = Release|Any CPU
		{5FDB5B99-B0E8-4961-B092-870153C4E298}.Release|ARM.ActiveCfg = Release|Any CPU
		{5FDB5B99-B0E8-4961-B092-870153C4E298}.Release|ARM.Build.0 = Release|Any CPU
		{5FDB5B99-B0E8-4961-B092-870153C4E298}.Release|ARM.Deploy.0 = Release|Any CPU
		{5FDB5B99-B0E8-4961-B092-870153C4E298}.Release|iPhone.ActiveCfg = Release|Any CPU
		{5FDB5B99-B0E8-4961-B092-870153C4E298}.Release|iPhone.Build.0 = Release|Any CPU
		{5FDB5B99-B0E8-4961-B092-870153C4E298}.Release|iPhone.Deploy.0 = Release|Any CPU
		{5FDB5B99-B0E8-4961-B092-870153C4E298}.Release|iPhoneSimulator.ActiveCfg = Release|Any CPU
		{5FDB5B99-B0E8-4961-B092-870153C4E298}.Release|iPhoneSimulator.Build.0 = Release|Any CPU
		{5FDB5B99-B0E8-4961-B092-870153C4E298}.Release|iPhoneSimulator.Deploy.0 = Release|Any CPU
		{5FDB5B99-B0E8-4961-B092-870153C4E298}.Release|x64.ActiveCfg = Release|Any CPU
		{5FDB5B99-B0E8-4961-B092-870153C4E298}.Release|x64.Build.0 = Release|Any CPU
		{5FDB5B99-B0E8-4961-B092-870153C4E298}.Release|x64.Deploy.0 = Release|Any CPU
		{5FDB5B99-B0E8-4961-B092-870153C4E298}.Release|x86.ActiveCfg = Release|Any CPU
		{5FDB5B99-B0E8-4961-B092-870153C4E298}.Release|x86.Build.0 = Release|Any CPU
		{5FDB5B99-B0E8-4961-B092-870153C4E298}.Release|x86.Deploy.0 = Release|Any CPU
		{F6ADBD42-C70E-4CFC-819A-6E4758561357}.Debug|Any CPU.ActiveCfg = Debug|iPhone
		{F6ADBD42-C70E-4CFC-819A-6E4758561357}.Debug|Any CPU.Build.0 = Debug|iPhone
		{F6ADBD42-C70E-4CFC-819A-6E4758561357}.Debug|Any CPU.Deploy.0 = Debug|iPhone
		{F6ADBD42-C70E-4CFC-819A-6E4758561357}.Debug|ARM.ActiveCfg = Debug|iPhoneSimulator
		{F6ADBD42-C70E-4CFC-819A-6E4758561357}.Debug|ARM.Build.0 = Debug|iPhoneSimulator
		{F6ADBD42-C70E-4CFC-819A-6E4758561357}.Debug|ARM.Deploy.0 = Debug|iPhoneSimulator
		{F6ADBD42-C70E-4CFC-819A-6E4758561357}.Debug|iPhone.ActiveCfg = Debug|iPhone
		{F6ADBD42-C70E-4CFC-819A-6E4758561357}.Debug|iPhone.Build.0 = Debug|iPhone
		{F6ADBD42-C70E-4CFC-819A-6E4758561357}.Debug|iPhone.Deploy.0 = Debug|iPhone
		{F6ADBD42-C70E-4CFC-819A-6E4758561357}.Debug|iPhoneSimulator.ActiveCfg = Debug|iPhoneSimulator
		{F6ADBD42-C70E-4CFC-819A-6E4758561357}.Debug|iPhoneSimulator.Build.0 = Debug|iPhoneSimulator
		{F6ADBD42-C70E-4CFC-819A-6E4758561357}.Debug|iPhoneSimulator.Deploy.0 = Debug|iPhoneSimulator
		{F6ADBD42-C70E-4CFC-819A-6E4758561357}.Debug|x64.ActiveCfg = Debug|iPhone
		{F6ADBD42-C70E-4CFC-819A-6E4758561357}.Debug|x64.Build.0 = Debug|iPhone
		{F6ADBD42-C70E-4CFC-819A-6E4758561357}.Debug|x64.Deploy.0 = Debug|iPhone
		{F6ADBD42-C70E-4CFC-819A-6E4758561357}.Debug|x86.ActiveCfg = Debug|iPhone
		{F6ADBD42-C70E-4CFC-819A-6E4758561357}.Debug|x86.Build.0 = Debug|iPhone
		{F6ADBD42-C70E-4CFC-819A-6E4758561357}.Debug|x86.Deploy.0 = Debug|iPhone
		{F6ADBD42-C70E-4CFC-819A-6E4758561357}.Release|Any CPU.ActiveCfg = Release|iPhone
		{F6ADBD42-C70E-4CFC-819A-6E4758561357}.Release|Any CPU.Build.0 = Release|iPhone
		{F6ADBD42-C70E-4CFC-819A-6E4758561357}.Release|Any CPU.Deploy.0 = Release|iPhone
		{F6ADBD42-C70E-4CFC-819A-6E4758561357}.Release|ARM.ActiveCfg = Release|iPhone
		{F6ADBD42-C70E-4CFC-819A-6E4758561357}.Release|ARM.Build.0 = Release|iPhone
		{F6ADBD42-C70E-4CFC-819A-6E4758561357}.Release|ARM.Deploy.0 = Release|iPhone
		{F6ADBD42-C70E-4CFC-819A-6E4758561357}.Release|iPhone.ActiveCfg = Release|iPhone
		{F6ADBD42-C70E-4CFC-819A-6E4758561357}.Release|iPhone.Build.0 = Release|iPhone
		{F6ADBD42-C70E-4CFC-819A-6E4758561357}.Release|iPhone.Deploy.0 = Release|iPhone
		{F6ADBD42-C70E-4CFC-819A-6E4758561357}.Release|iPhoneSimulator.ActiveCfg = Release|iPhoneSimulator
		{F6ADBD42-C70E-4CFC-819A-6E4758561357}.Release|iPhoneSimulator.Build.0 = Release|iPhoneSimulator
		{F6ADBD42-C70E-4CFC-819A-6E4758561357}.Release|iPhoneSimulator.Deploy.0 = Release|iPhoneSimulator
		{F6ADBD42-C70E-4CFC-819A-6E4758561357}.Release|x64.ActiveCfg = Release|iPhone
		{F6ADBD42-C70E-4CFC-819A-6E4758561357}.Release|x64.Build.0 = Release|iPhone
		{F6ADBD42-C70E-4CFC-819A-6E4758561357}.Release|x64.Deploy.0 = Release|iPhone
		{F6ADBD42-C70E-4CFC-819A-6E4758561357}.Release|x86.ActiveCfg = Release|iPhone
		{F6ADBD42-C70E-4CFC-819A-6E4758561357}.Release|x86.Build.0 = Release|iPhone
		{F6ADBD42-C70E-4CFC-819A-6E4758561357}.Release|x86.Deploy.0 = Release|iPhone
		{A05453FD-E4DE-49D7-A641-ED3147A80EB9}.Debug|Any CPU.ActiveCfg = Debug|Any CPU
		{A05453FD-E4DE-49D7-A641-ED3147A80EB9}.Debug|Any CPU.Build.0 = Debug|Any CPU
		{A05453FD-E4DE-49D7-A641-ED3147A80EB9}.Debug|Any CPU.Deploy.0 = Debug|Any CPU
		{A05453FD-E4DE-49D7-A641-ED3147A80EB9}.Debug|ARM.ActiveCfg = Debug|Any CPU
		{A05453FD-E4DE-49D7-A641-ED3147A80EB9}.Debug|ARM.Build.0 = Debug|Any CPU
		{A05453FD-E4DE-49D7-A641-ED3147A80EB9}.Debug|ARM.Deploy.0 = Debug|Any CPU
		{A05453FD-E4DE-49D7-A641-ED3147A80EB9}.Debug|iPhone.ActiveCfg = Debug|Any CPU
		{A05453FD-E4DE-49D7-A641-ED3147A80EB9}.Debug|iPhone.Build.0 = Debug|Any CPU
		{A05453FD-E4DE-49D7-A641-ED3147A80EB9}.Debug|iPhone.Deploy.0 = Debug|Any CPU
		{A05453FD-E4DE-49D7-A641-ED3147A80EB9}.Debug|iPhoneSimulator.ActiveCfg = Debug|Any CPU
		{A05453FD-E4DE-49D7-A641-ED3147A80EB9}.Debug|iPhoneSimulator.Build.0 = Debug|Any CPU
		{A05453FD-E4DE-49D7-A641-ED3147A80EB9}.Debug|iPhoneSimulator.Deploy.0 = Debug|Any CPU
		{A05453FD-E4DE-49D7-A641-ED3147A80EB9}.Debug|x64.ActiveCfg = Debug|Any CPU
		{A05453FD-E4DE-49D7-A641-ED3147A80EB9}.Debug|x64.Build.0 = Debug|Any CPU
		{A05453FD-E4DE-49D7-A641-ED3147A80EB9}.Debug|x64.Deploy.0 = Debug|Any CPU
		{A05453FD-E4DE-49D7-A641-ED3147A80EB9}.Debug|x86.ActiveCfg = Debug|Any CPU
		{A05453FD-E4DE-49D7-A641-ED3147A80EB9}.Debug|x86.Build.0 = Debug|Any CPU
		{A05453FD-E4DE-49D7-A641-ED3147A80EB9}.Debug|x86.Deploy.0 = Debug|Any CPU
		{A05453FD-E4DE-49D7-A641-ED3147A80EB9}.Release|Any CPU.ActiveCfg = Release|Any CPU
		{A05453FD-E4DE-49D7-A641-ED3147A80EB9}.Release|Any CPU.Build.0 = Release|Any CPU
		{A05453FD-E4DE-49D7-A641-ED3147A80EB9}.Release|Any CPU.Deploy.0 = Release|Any CPU
		{A05453FD-E4DE-49D7-A641-ED3147A80EB9}.Release|ARM.ActiveCfg = Release|Any CPU
		{A05453FD-E4DE-49D7-A641-ED3147A80EB9}.Release|ARM.Build.0 = Release|Any CPU
		{A05453FD-E4DE-49D7-A641-ED3147A80EB9}.Release|ARM.Deploy.0 = Release|Any CPU
		{A05453FD-E4DE-49D7-A641-ED3147A80EB9}.Release|iPhone.ActiveCfg = Release|Any CPU
		{A05453FD-E4DE-49D7-A641-ED3147A80EB9}.Release|iPhone.Build.0 = Release|Any CPU
		{A05453FD-E4DE-49D7-A641-ED3147A80EB9}.Release|iPhone.Deploy.0 = Release|Any CPU
		{A05453FD-E4DE-49D7-A641-ED3147A80EB9}.Release|iPhoneSimulator.ActiveCfg = Release|Any CPU
		{A05453FD-E4DE-49D7-A641-ED3147A80EB9}.Release|iPhoneSimulator.Build.0 = Release|Any CPU
		{A05453FD-E4DE-49D7-A641-ED3147A80EB9}.Release|iPhoneSimulator.Deploy.0 = Release|Any CPU
		{A05453FD-E4DE-49D7-A641-ED3147A80EB9}.Release|x64.ActiveCfg = Release|Any CPU
		{A05453FD-E4DE-49D7-A641-ED3147A80EB9}.Release|x64.Build.0 = Release|Any CPU
		{A05453FD-E4DE-49D7-A641-ED3147A80EB9}.Release|x64.Deploy.0 = Release|Any CPU
		{A05453FD-E4DE-49D7-A641-ED3147A80EB9}.Release|x86.ActiveCfg = Release|Any CPU
		{A05453FD-E4DE-49D7-A641-ED3147A80EB9}.Release|x86.Build.0 = Release|Any CPU
		{A05453FD-E4DE-49D7-A641-ED3147A80EB9}.Release|x86.Deploy.0 = Release|Any CPU
	EndGlobalSection
	GlobalSection(SolutionProperties) = preSolution
		HideSolutionNode = FALSE
	EndGlobalSection
	GlobalSection(ExtensibilityGlobals) = postSolution
		SolutionGuid = {D59E963F-A899-462D-B306-57782E90A25A}
	EndGlobalSection
EndGlobal
