
Microsoft Visual Studio Solution File, Format Version 12.00
# Visual Studio Version 16
VisualStudioVersion = 16.0.31005.135
MinimumVisualStudioVersion = 10.0.40219.1
Project("{FAE04EC0-301F-11D3-BF4B-00C04F79EFBC}") = "FischbeckEnterprises.Mobile.DND.UWP", "FischbeckEnterprises.Mobile.DND.UWP\FischbeckEnterprises.Mobile.DND.UWP.csproj", "{254B01DE-72E6-4F25-A525-7BF579BC1936}"
EndProject
Project("{FAE04EC0-301F-11D3-BF4B-00C04F79EFBC}") = "FischbeckEnterprises.Mobile.DND.Android", "FischbeckEnterprises.Mobile.DND.Android\FischbeckEnterprises.Mobile.DND.Android.csproj", "{8AC07813-F47C-4CFA-8382-5677724B72EE}"
EndProject
Project("{FAE04EC0-301F-11D3-BF4B-00C04F79EFBC}") = "FischbeckEnterprises.Mobile.DND.iOS", "FischbeckEnterprises.Mobile.DND.iOS\FischbeckEnterprises.Mobile.DND.iOS.csproj", "{0127FF51-39AD-4ADC-9D64-7BCC885BCD0C}"
EndProject
Project("{FAE04EC0-301F-11D3-BF4B-00C04F79EFBC}") = "FischbeckEnterprises.Mobile.DND", "FischbeckEnterprises.Mobile.DND\FischbeckEnterprises.Mobile.DND.csproj", "{237133C9-3442-4268-A0B3-57DD4AD1C1B2}"
EndProject
Global
	GlobalSection(SolutionConfigurationPlatforms) = preSolution
		Debug|Any CPU = Debug|Any CPU
		Debug|ARM = Debug|ARM
		Debug|iPhone = Debug|iPhone
		Debug|iPhoneSimulator = Debug|iPhoneSimulator
		Debug|x64 = Debug|x64
		Debug|x86 = Debug|x86
		Release|Any CPU = Release|Any CPU
		Release|ARM = Release|ARM
		Release|iPhone = Release|iPhone
		Release|iPhoneSimulator = Release|iPhoneSimulator
		Release|x64 = Release|x64
		Release|x86 = Release|x86
	EndGlobalSection
	GlobalSection(ProjectConfigurationPlatforms) = postSolution
		{254B01DE-72E6-4F25-A525-7BF579BC1936}.Debug|Any CPU.ActiveCfg = Debug|x86
		{254B01DE-72E6-4F25-A525-7BF579BC1936}.Debug|Any CPU.Build.0 = Debug|x86
		{254B01DE-72E6-4F25-A525-7BF579BC1936}.Debug|Any CPU.Deploy.0 = Debug|x86
		{254B01DE-72E6-4F25-A525-7BF579BC1936}.Debug|ARM.ActiveCfg = Debug|ARM
		{254B01DE-72E6-4F25-A525-7BF579BC1936}.Debug|ARM.Build.0 = Debug|ARM
		{254B01DE-72E6-4F25-A525-7BF579BC1936}.Debug|ARM.Deploy.0 = Debug|ARM
		{254B01DE-72E6-4F25-A525-7BF579BC1936}.Debug|iPhone.ActiveCfg = Debug|x86
		{254B01DE-72E6-4F25-A525-7BF579BC1936}.Debug|iPhone.Build.0 = Debug|x86
		{254B01DE-72E6-4F25-A525-7BF579BC1936}.Debug|iPhone.Deploy.0 = Debug|x86
		{254B01DE-72E6-4F25-A525-7BF579BC1936}.Debug|iPhoneSimulator.ActiveCfg = Debug|x86
		{254B01DE-72E6-4F25-A525-7BF579BC1936}.Debug|iPhoneSimulator.Build.0 = Debug|x86
		{254B01DE-72E6-4F25-A525-7BF579BC1936}.Debug|iPhoneSimulator.Deploy.0 = Debug|x86
		{254B01DE-72E6-4F25-A525-7BF579BC1936}.Debug|x64.ActiveCfg = Debug|x64
		{254B01DE-72E6-4F25-A525-7BF579BC1936}.Debug|x64.Build.0 = Debug|x64
		{254B01DE-72E6-4F25-A525-7BF579BC1936}.Debug|x64.Deploy.0 = Debug|x64
		{254B01DE-72E6-4F25-A525-7BF579BC1936}.Debug|x86.ActiveCfg = Debug|x86
		{254B01DE-72E6-4F25-A525-7BF579BC1936}.Debug|x86.Build.0 = Debug|x86
		{254B01DE-72E6-4F25-A525-7BF579BC1936}.Debug|x86.Deploy.0 = Debug|x86
		{254B01DE-72E6-4F25-A525-7BF579BC1936}.Release|Any CPU.ActiveCfg = Release|x86
		{254B01DE-72E6-4F25-A525-7BF579BC1936}.Release|Any CPU.Build.0 = Release|x86
		{254B01DE-72E6-4F25-A525-7BF579BC1936}.Release|Any CPU.Deploy.0 = Release|x86
		{254B01DE-72E6-4F25-A525-7BF579BC1936}.Release|ARM.ActiveCfg = Release|ARM
		{254B01DE-72E6-4F25-A525-7BF579BC1936}.Release|ARM.Build.0 = Release|ARM
		{254B01DE-72E6-4F25-A525-7BF579BC1936}.Release|ARM.Deploy.0 = Release|ARM
		{254B01DE-72E6-4F25-A525-7BF579BC1936}.Release|iPhone.ActiveCfg = Release|x86
		{254B01DE-72E6-4F25-A525-7BF579BC1936}.Release|iPhone.Build.0 = Release|x86
		{254B01DE-72E6-4F25-A525-7BF579BC1936}.Release|iPhone.Deploy.0 = Release|x86
		{254B01DE-72E6-4F25-A525-7BF579BC1936}.Release|iPhoneSimulator.ActiveCfg = Release|x86
		{254B01DE-72E6-4F25-A525-7BF579BC1936}.Release|iPhoneSimulator.Build.0 = Release|x86
		{254B01DE-72E6-4F25-A525-7BF579BC1936}.Release|iPhoneSimulator.Deploy.0 = Release|x86
		{254B01DE-72E6-4F25-A525-7BF579BC1936}.Release|x64.ActiveCfg = Release|x64
		{254B01DE-72E6-4F25-A525-7BF579BC1936}.Release|x64.Build.0 = Release|x64
		{254B01DE-72E6-4F25-A525-7BF579BC1936}.Release|x64.Deploy.0 = Release|x64
		{254B01DE-72E6-4F25-A525-7BF579BC1936}.Release|x86.ActiveCfg = Release|x86
		{254B01DE-72E6-4F25-A525-7BF579BC1936}.Release|x86.Build.0 = Release|x86
		{254B01DE-72E6-4F25-A525-7BF579BC1936}.Release|x86.Deploy.0 = Release|x86
		{8AC07813-F47C-4CFA-8382-5677724B72EE}.Debug|Any CPU.ActiveCfg = Debug|Any CPU
		{8AC07813-F47C-4CFA-8382-5677724B72EE}.Debug|Any CPU.Build.0 = Debug|Any CPU
		{8AC07813-F47C-4CFA-8382-5677724B72EE}.Debug|Any CPU.Deploy.0 = Debug|Any CPU
		{8AC07813-F47C-4CFA-8382-5677724B72EE}.Debug|ARM.ActiveCfg = Debug|Any CPU
		{8AC07813-F47C-4CFA-8382-5677724B72EE}.Debug|ARM.Build.0 = Debug|Any CPU
		{8AC07813-F47C-4CFA-8382-5677724B72EE}.Debug|ARM.Deploy.0 = Debug|Any CPU
		{8AC07813-F47C-4CFA-8382-5677724B72EE}.Debug|iPhone.ActiveCfg = Debug|Any CPU
		{8AC07813-F47C-4CFA-8382-5677724B72EE}.Debug|iPhone.Build.0 = Debug|Any CPU
		{8AC07813-F47C-4CFA-8382-5677724B72EE}.Debug|iPhone.Deploy.0 = Debug|Any CPU
		{8AC07813-F47C-4CFA-8382-5677724B72EE}.Debug|iPhoneSimulator.ActiveCfg = Debug|Any CPU
		{8AC07813-F47C-4CFA-8382-5677724B72EE}.Debug|iPhoneSimulator.Build.0 = Debug|Any CPU
		{8AC07813-F47C-4CFA-8382-5677724B72EE}.Debug|iPhoneSimulator.Deploy.0 = Debug|Any CPU
		{8AC07813-F47C-4CFA-8382-5677724B72EE}.Debug|x64.ActiveCfg = Debug|Any CPU
		{8AC07813-F47C-4CFA-8382-5677724B72EE}.Debug|x64.Build.0 = Debug|Any CPU
		{8AC07813-F47C-4CFA-8382-5677724B72EE}.Debug|x64.Deploy.0 = Debug|Any CPU
		{8AC07813-F47C-4CFA-8382-5677724B72EE}.Debug|x86.ActiveCfg = Debug|Any CPU
		{8AC07813-F47C-4CFA-8382-5677724B72EE}.Debug|x86.Build.0 = Debug|Any CPU
		{8AC07813-F47C-4CFA-8382-5677724B72EE}.Debug|x86.Deploy.0 = Debug|Any CPU
		{8AC07813-F47C-4CFA-8382-5677724B72EE}.Release|Any CPU.ActiveCfg = Release|Any CPU
		{8AC07813-F47C-4CFA-8382-5677724B72EE}.Release|Any CPU.Build.0 = Release|Any CPU
		{8AC07813-F47C-4CFA-8382-5677724B72EE}.Release|Any CPU.Deploy.0 = Release|Any CPU
		{8AC07813-F47C-4CFA-8382-5677724B72EE}.Release|ARM.ActiveCfg = Release|Any CPU
		{8AC07813-F47C-4CFA-8382-5677724B72EE}.Release|ARM.Build.0 = Release|Any CPU
		{8AC07813-F47C-4CFA-8382-5677724B72EE}.Release|ARM.Deploy.0 = Release|Any CPU
		{8AC07813-F47C-4CFA-8382-5677724B72EE}.Release|iPhone.ActiveCfg = Release|Any CPU
		{8AC07813-F47C-4CFA-8382-5677724B72EE}.Release|iPhone.Build.0 = Release|Any CPU
		{8AC07813-F47C-4CFA-8382-5677724B72EE}.Release|iPhone.Deploy.0 = Release|Any CPU
		{8AC07813-F47C-4CFA-8382-5677724B72EE}.Release|iPhoneSimulator.ActiveCfg = Release|Any CPU
		{8AC07813-F47C-4CFA-8382-5677724B72EE}.Release|iPhoneSimulator.Build.0 = Release|Any CPU
		{8AC07813-F47C-4CFA-8382-5677724B72EE}.Release|iPhoneSimulator.Deploy.0 = Release|Any CPU
		{8AC07813-F47C-4CFA-8382-5677724B72EE}.Release|x64.ActiveCfg = Release|Any CPU
		{8AC07813-F47C-4CFA-8382-5677724B72EE}.Release|x64.Build.0 = Release|Any CPU
		{8AC07813-F47C-4CFA-8382-5677724B72EE}.Release|x64.Deploy.0 = Release|Any CPU
		{8AC07813-F47C-4CFA-8382-5677724B72EE}.Release|x86.ActiveCfg = Release|Any CPU
		{8AC07813-F47C-4CFA-8382-5677724B72EE}.Release|x86.Build.0 = Release|Any CPU
		{8AC07813-F47C-4CFA-8382-5677724B72EE}.Release|x86.Deploy.0 = Release|Any CPU
		{0127FF51-39AD-4ADC-9D64-7BCC885BCD0C}.Debug|Any CPU.ActiveCfg = Debug|iPhoneSimulator
		{0127FF51-39AD-4ADC-9D64-7BCC885BCD0C}.Debug|Any CPU.Build.0 = Debug|iPhoneSimulator
		{0127FF51-39AD-4ADC-9D64-7BCC885BCD0C}.Debug|Any CPU.Deploy.0 = Debug|iPhoneSimulator
		{0127FF51-39AD-4ADC-9D64-7BCC885BCD0C}.Debug|ARM.ActiveCfg = Debug|iPhone
		{0127FF51-39AD-4ADC-9D64-7BCC885BCD0C}.Debug|ARM.Build.0 = Debug|iPhone
		{0127FF51-39AD-4ADC-9D64-7BCC885BCD0C}.Debug|ARM.Deploy.0 = Debug|iPhone
		{0127FF51-39AD-4ADC-9D64-7BCC885BCD0C}.Debug|iPhone.ActiveCfg = Debug|iPhone
		{0127FF51-39AD-4ADC-9D64-7BCC885BCD0C}.Debug|iPhone.Build.0 = Debug|iPhone
		{0127FF51-39AD-4ADC-9D64-7BCC885BCD0C}.Debug|iPhone.Deploy.0 = Debug|iPhone
		{0127FF51-39AD-4ADC-9D64-7BCC885BCD0C}.Debug|iPhoneSimulator.ActiveCfg = Debug|iPhoneSimulator
		{0127FF51-39AD-4ADC-9D64-7BCC885BCD0C}.Debug|iPhoneSimulator.Build.0 = Debug|iPhoneSimulator
		{0127FF51-39AD-4ADC-9D64-7BCC885BCD0C}.Debug|iPhoneSimulator.Deploy.0 = Debug|iPhoneSimulator
		{0127FF51-39AD-4ADC-9D64-7BCC885BCD0C}.Debug|x64.ActiveCfg = Debug|iPhoneSimulator
		{0127FF51-39AD-4ADC-9D64-7BCC885BCD0C}.Debug|x64.Build.0 = Debug|iPhoneSimulator
		{0127FF51-39AD-4ADC-9D64-7BCC885BCD0C}.Debug|x64.Deploy.0 = Debug|iPhoneSimulator
		{0127FF51-39AD-4ADC-9D64-7BCC885BCD0C}.Debug|x86.ActiveCfg = Debug|iPhoneSimulator
		{0127FF51-39AD-4ADC-9D64-7BCC885BCD0C}.Debug|x86.Build.0 = Debug|iPhoneSimulator
		{0127FF51-39AD-4ADC-9D64-7BCC885BCD0C}.Debug|x86.Deploy.0 = Debug|iPhoneSimulator
		{0127FF51-39AD-4ADC-9D64-7BCC885BCD0C}.Release|Any CPU.ActiveCfg = Release|iPhoneSimulator
		{0127FF51-39AD-4ADC-9D64-7BCC885BCD0C}.Release|Any CPU.Build.0 = Release|iPhoneSimulator
		{0127FF51-39AD-4ADC-9D64-7BCC885BCD0C}.Release|Any CPU.Deploy.0 = Release|iPhoneSimulator
		{0127FF51-39AD-4ADC-9D64-7BCC885BCD0C}.Release|ARM.ActiveCfg = Release|iPhoneSimulator
		{0127FF51-39AD-4ADC-9D64-7BCC885BCD0C}.Release|ARM.Build.0 = Release|iPhoneSimulator
		{0127FF51-39AD-4ADC-9D64-7BCC885BCD0C}.Release|ARM.Deploy.0 = Release|iPhoneSimulator
		{0127FF51-39AD-4ADC-9D64-7BCC885BCD0C}.Release|iPhone.ActiveCfg = Release|iPhone
		{0127FF51-39AD-4ADC-9D64-7BCC885BCD0C}.Release|iPhone.Build.0 = Release|iPhone
		{0127FF51-39AD-4ADC-9D64-7BCC885BCD0C}.Release|iPhone.Deploy.0 = Release|iPhone
		{0127FF51-39AD-4ADC-9D64-7BCC885BCD0C}.Release|iPhoneSimulator.ActiveCfg = Release|iPhoneSimulator
		{0127FF51-39AD-4ADC-9D64-7BCC885BCD0C}.Release|iPhoneSimulator.Build.0 = Release|iPhoneSimulator
		{0127FF51-39AD-4ADC-9D64-7BCC885BCD0C}.Release|iPhoneSimulator.Deploy.0 = Release|iPhoneSimulator
		{0127FF51-39AD-4ADC-9D64-7BCC885BCD0C}.Release|x64.ActiveCfg = Release|iPhoneSimulator
		{0127FF51-39AD-4ADC-9D64-7BCC885BCD0C}.Release|x64.Build.0 = Release|iPhoneSimulator
		{0127FF51-39AD-4ADC-9D64-7BCC885BCD0C}.Release|x64.Deploy.0 = Release|iPhoneSimulator
		{0127FF51-39AD-4ADC-9D64-7BCC885BCD0C}.Release|x86.ActiveCfg = Release|iPhoneSimulator
		{0127FF51-39AD-4ADC-9D64-7BCC885BCD0C}.Release|x86.Build.0 = Release|iPhoneSimulator
		{0127FF51-39AD-4ADC-9D64-7BCC885BCD0C}.Release|x86.Deploy.0 = Release|iPhoneSimulator
		{237133C9-3442-4268-A0B3-57DD4AD1C1B2}.Debug|Any CPU.ActiveCfg = Debug|Any CPU
		{237133C9-3442-4268-A0B3-57DD4AD1C1B2}.Debug|Any CPU.Build.0 = Debug|Any CPU
		{237133C9-3442-4268-A0B3-57DD4AD1C1B2}.Debug|Any CPU.Deploy.0 = Debug|Any CPU
		{237133C9-3442-4268-A0B3-57DD4AD1C1B2}.Debug|ARM.ActiveCfg = Debug|Any CPU
		{237133C9-3442-4268-A0B3-57DD4AD1C1B2}.Debug|ARM.Build.0 = Debug|Any CPU
		{237133C9-3442-4268-A0B3-57DD4AD1C1B2}.Debug|ARM.Deploy.0 = Debug|Any CPU
		{237133C9-3442-4268-A0B3-57DD4AD1C1B2}.Debug|iPhone.ActiveCfg = Debug|Any CPU
		{237133C9-3442-4268-A0B3-57DD4AD1C1B2}.Debug|iPhone.Build.0 = Debug|Any CPU
		{237133C9-3442-4268-A0B3-57DD4AD1C1B2}.Debug|iPhone.Deploy.0 = Debug|Any CPU
		{237133C9-3442-4268-A0B3-57DD4AD1C1B2}.Debug|iPhoneSimulator.ActiveCfg = Debug|Any CPU
		{237133C9-3442-4268-A0B3-57DD4AD1C1B2}.Debug|iPhoneSimulator.Build.0 = Debug|Any CPU
		{237133C9-3442-4268-A0B3-57DD4AD1C1B2}.Debug|iPhoneSimulator.Deploy.0 = Debug|Any CPU
		{237133C9-3442-4268-A0B3-57DD4AD1C1B2}.Debug|x64.ActiveCfg = Debug|Any CPU
		{237133C9-3442-4268-A0B3-57DD4AD1C1B2}.Debug|x64.Build.0 = Debug|Any CPU
		{237133C9-3442-4268-A0B3-57DD4AD1C1B2}.Debug|x64.Deploy.0 = Debug|Any CPU
		{237133C9-3442-4268-A0B3-57DD4AD1C1B2}.Debug|x86.ActiveCfg = Debug|Any CPU
		{237133C9-3442-4268-A0B3-57DD4AD1C1B2}.Debug|x86.Build.0 = Debug|Any CPU
		{237133C9-3442-4268-A0B3-57DD4AD1C1B2}.Debug|x86.Deploy.0 = Debug|Any CPU
		{237133C9-3442-4268-A0B3-57DD4AD1C1B2}.Release|Any CPU.ActiveCfg = Release|Any CPU
		{237133C9-3442-4268-A0B3-57DD4AD1C1B2}.Release|Any CPU.Build.0 = Release|Any CPU
		{237133C9-3442-4268-A0B3-57DD4AD1C1B2}.Release|Any CPU.Deploy.0 = Release|Any CPU
		{237133C9-3442-4268-A0B3-57DD4AD1C1B2}.Release|ARM.ActiveCfg = Release|Any CPU
		{237133C9-3442-4268-A0B3-57DD4AD1C1B2}.Release|ARM.Build.0 = Release|Any CPU
		{237133C9-3442-4268-A0B3-57DD4AD1C1B2}.Release|ARM.Deploy.0 = Release|Any CPU
		{237133C9-3442-4268-A0B3-57DD4AD1C1B2}.Release|iPhone.ActiveCfg = Release|Any CPU
		{237133C9-3442-4268-A0B3-57DD4AD1C1B2}.Release|iPhone.Build.0 = Release|Any CPU
		{237133C9-3442-4268-A0B3-57DD4AD1C1B2}.Release|iPhone.Deploy.0 = Release|Any CPU
		{237133C9-3442-4268-A0B3-57DD4AD1C1B2}.Release|iPhoneSimulator.ActiveCfg = Release|Any CPU
		{237133C9-3442-4268-A0B3-57DD4AD1C1B2}.Release|iPhoneSimulator.Build.0 = Release|Any CPU
		{237133C9-3442-4268-A0B3-57DD4AD1C1B2}.Release|iPhoneSimulator.Deploy.0 = Release|Any CPU
		{237133C9-3442-4268-A0B3-57DD4AD1C1B2}.Release|x64.ActiveCfg = Release|Any CPU
		{237133C9-3442-4268-A0B3-57DD4AD1C1B2}.Release|x64.Build.0 = Release|Any CPU
		{237133C9-3442-4268-A0B3-57DD4AD1C1B2}.Release|x64.Deploy.0 = Release|Any CPU
		{237133C9-3442-4268-A0B3-57DD4AD1C1B2}.Release|x86.ActiveCfg = Release|Any CPU
		{237133C9-3442-4268-A0B3-57DD4AD1C1B2}.Release|x86.Build.0 = Release|Any CPU
		{237133C9-3442-4268-A0B3-57DD4AD1C1B2}.Release|x86.Deploy.0 = Release|Any CPU
	EndGlobalSection
	GlobalSection(SolutionProperties) = preSolution
		HideSolutionNode = FALSE
	EndGlobalSection
	GlobalSection(ExtensibilityGlobals) = postSolution
		SolutionGuid = {6C7CCF2E-A280-4CDD-835A-5B6C030A48D3}
	EndGlobalSection
EndGlobal
