
Microsoft Visual Studio Solution File, Format Version 12.00
# Visual Studio Version 16
VisualStudioVersion = 16.0.30517.126
MinimumVisualStudioVersion = 10.0.40219.1
Project("{FAE04EC0-301F-11D3-BF4B-00C04F79EFBC}") = "FischbeckEnterprises.CharacterConverter", "FischbeckEnterprises.CharacterConverter.csproj", "{3F4E2E76-3AB4-4371-9362-A71411C7F085}"
EndProject
Project("{FAE04EC0-301F-11D3-BF4B-00C04F79EFBC}") = "FischbeckEnterprises.CharacterConverterConsole", "..\FischbeckEnterprises.CharacterConverterConsole\FischbeckEnterprises.CharacterConverterConsole.csproj", "{FD3A9821-DC54-4237-BE37-1A0E01698886}"
EndProject
Global
	GlobalSection(SolutionConfigurationPlatforms) = preSolution
		Debug|Any CPU = Debug|Any CPU
		Release|Any CPU = Release|Any CPU
	EndGlobalSection
	GlobalSection(ProjectConfigurationPlatforms) = postSolution
		{3F4E2E76-3AB4-4371-9362-A71411C7F085}.Debug|Any CPU.ActiveCfg = Debug|Any CPU
		{3F4E2E76-3AB4-4371-9362-A71411C7F085}.Debug|Any CPU.Build.0 = Debug|Any CPU
		{3F4E2E76-3AB4-4371-9362-A71411C7F085}.Release|Any CPU.ActiveCfg = Release|Any CPU
		{3F4E2E76-3AB4-4371-9362-A71411C7F085}.Release|Any CPU.Build.0 = Release|Any CPU
		{FD3A9821-DC54-4237-BE37-1A0E01698886}.Debug|Any CPU.ActiveCfg = Debug|Any CPU
		{FD3A9821-DC54-4237-BE37-1A0E01698886}.Debug|Any CPU.Build.0 = Debug|Any CPU
		{FD3A9821-DC54-4237-BE37-1A0E01698886}.Release|Any CPU.ActiveCfg = Release|Any CPU
		{FD3A9821-DC54-4237-BE37-1A0E01698886}.Release|Any CPU.Build.0 = Release|Any CPU
	EndGlobalSection
	GlobalSection(SolutionProperties) = preSolution
		HideSolutionNode = FALSE
	EndGlobalSection
	GlobalSection(ExtensibilityGlobals) = postSolution
		SolutionGuid = {E179B207-5E77-495C-8CC8-9AA5B3F072DF}
	EndGlobalSection
EndGlobal
