
Microsoft Visual Studio Solution File, Format Version 12.00
# Visual Studio Version 16
VisualStudioVersion = 16.0.30011.22
MinimumVisualStudioVersion = 10.0.40219.1
Project("{FAE04EC0-301F-11D3-BF4B-00C04F79EFBC}") = "FischbeckEnterprises.FightClub.XMLToOnenote", "FischbeckEnterprises.FightClub.XMLToOnenote.csproj", "{D8AF715A-4062-4550-A2AA-E01075B3B2F0}"
EndProject
Global
	GlobalSection(SolutionConfigurationPlatforms) = preSolution
		Debug|Any CPU = Debug|Any CPU
		Release|Any CPU = Release|Any CPU
	EndGlobalSection
	GlobalSection(ProjectConfigurationPlatforms) = postSolution
		{D8AF715A-4062-4550-A2AA-E01075B3B2F0}.Debug|Any CPU.ActiveCfg = Debug|Any CPU
		{D8AF715A-4062-4550-A2AA-E01075B3B2F0}.Debug|Any CPU.Build.0 = Debug|Any CPU
		{D8AF715A-4062-4550-A2AA-E01075B3B2F0}.Release|Any CPU.ActiveCfg = Release|Any CPU
		{D8AF715A-4062-4550-A2AA-E01075B3B2F0}.Release|Any CPU.Build.0 = Release|Any CPU
	EndGlobalSection
	GlobalSection(SolutionProperties) = preSolution
		HideSolutionNode = FALSE
	EndGlobalSection
	GlobalSection(ExtensibilityGlobals) = postSolution
		SolutionGuid = {93741453-071B-4004-9688-21215886EE03}
	EndGlobalSection
EndGlobal
